
Microsoft Visual Studio Solution File, Format Version 12.00
# Visual Studio Version 16
VisualStudioVersion = 16.0.31410.357
MinimumVisualStudioVersion = 10.0.40219.1
Project("{FAE04EC0-301F-11D3-BF4B-00C04F79EFBC}") = "AssignmentWAD", "AssignmentWAD.csproj", "{59195F3C-E028-46F1-8F8A-A17C3228DFEE}"
EndProject
Global
	GlobalSection(SolutionConfigurationPlatforms) = preSolution
		Debug|Any CPU = Debug|Any CPU
		Release|Any CPU = Release|Any CPU
	EndGlobalSection
	GlobalSection(ProjectConfigurationPlatforms) = postSolution
		{59195F3C-E028-46F1-8F8A-A17C3228DFEE}.Debug|Any CPU.ActiveCfg = Debug|Any CPU
		{59195F3C-E028-46F1-8F8A-A17C3228DFEE}.Debug|Any CPU.Build.0 = Debug|Any CPU
		{59195F3C-E028-46F1-8F8A-A17C3228DFEE}.Release|Any CPU.ActiveCfg = Release|Any CPU
		{59195F3C-E028-46F1-8F8A-A17C3228DFEE}.Release|Any CPU.Build.0 = Release|Any CPU
	EndGlobalSection
	GlobalSection(SolutionProperties) = preSolution
		HideSolutionNode = FALSE
	EndGlobalSection
	GlobalSection(ExtensibilityGlobals) = postSolution
		SolutionGuid = {52F8B370-ED28-4E57-A0AC-5E8C3E0EF49C}
	EndGlobalSection
EndGlobal
